{
  "name": "peatio",
  "requires": true,
  "lockfileVersion": 1,
  "dependencies": {
    "perfect-scrollbar": {
      "version": "1.5.5",
      "resolved": "https://registry.npmjs.org/perfect-scrollbar/-/perfect-scrollbar-1.5.5.tgz",
      "integrity": "sha512-dzalfutyP3e/FOpdlhVryN4AJ5XDVauVWxybSkLZmakFE2sS3y3pc4JnSprw8tGmHvkaG5Edr5T7LBTZ+WWU2g=="
    },
    "raven-js": {
      "version": "3.22.1",
      "resolved": "https://registry.npmjs.org/raven-js/-/raven-js-3.22.1.tgz",
      "integrity": "sha512-2Y8czUl5a9usbvXbpV8a+GPAiDXjxQjaHImZL0TyJWI5k5jV/6o+wceaBAg9g6RpO9OOJp0/w2mMs6pBoqOyDA=="
    }
  }
}
